
Microsoft Visual Studio Solution File, Format Version 12.00
# Visual Studio Version 17
VisualStudioVersion = 17.10.34928.147
MinimumVisualStudioVersion = 10.0.40219.1
Project("{FAE04EC0-301F-11D3-BF4B-00C04F79EFBC}") = "MVC03", "MVC03\MVC03.csproj", "{C57C194C-773C-4DBE-ABAB-B8CD3F3CA35A}"
EndProject
Global
	GlobalSection(SolutionConfigurationPlatforms) = preSolution
		Debug|Any CPU = Debug|Any CPU
		Release|Any CPU = Release|Any CPU
	EndGlobalSection
	GlobalSection(ProjectConfigurationPlatforms) = postSolution
		{C57C194C-773C-4DBE-ABAB-B8CD3F3CA35A}.Debug|Any CPU.ActiveCfg = Debug|Any CPU
		{C57C194C-773C-4DBE-ABAB-B8CD3F3CA35A}.Debug|Any CPU.Build.0 = Debug|Any CPU
		{C57C194C-773C-4DBE-ABAB-B8CD3F3CA35A}.Release|Any CPU.ActiveCfg = Release|Any CPU
		{C57C194C-773C-4DBE-ABAB-B8CD3F3CA35A}.Release|Any CPU.Build.0 = Release|Any CPU
	EndGlobalSection
	GlobalSection(SolutionProperties) = preSolution
		HideSolutionNode = FALSE
	EndGlobalSection
	GlobalSection(ExtensibilityGlobals) = postSolution
		SolutionGuid = {E3C0985B-F706-4873-B20E-97CD948E701C}
	EndGlobalSection
EndGlobal
